// !$*UTF8*$!
{
	archiveVersion = 1;
	classes = {
	};
	objectVersion = 46;
	objects = {

/* Begin PBXBuildFile section */
		4972F6A71F4FB4980082F413 /* AppDelegate.swift in Sources */ = {isa = PBXBuildFile; fileRef = 4972F6A61F4FB4980082F413 /* AppDelegate.swift */; };
		4972F6A91F4FB4980082F413 /* ViewController.swift in Sources */ = {isa = PBXBuildFile; fileRef = 4972F6A81F4FB4980082F413 /* ViewController.swift */; };
		4972F6AC1F4FB4980082F413 /* Main.storyboard in Resources */ = {isa = PBXBuildFile; fileRef = 4972F6AA1F4FB4980082F413 /* Main.storyboard */; };
		4972F6AE1F4FB4980082F413 /* Assets.xcassets in Resources */ = {isa = PBXBuildFile; fileRef = 4972F6AD1F4FB4980082F413 /* Assets.xcassets */; };
		4972F6B11F4FB4980082F413 /* LaunchScreen.storyboard in Resources */ = {isa = PBXBuildFile; fileRef = 4972F6AF1F4FB4980082F413 /* LaunchScreen.storyboard */; };
		4972F6B91F4FB5770082F413 /* CalendarViewController.swift in Sources */ = {isa = PBXBuildFile; fileRef = 4972F6B81F4FB5760082F413 /* CalendarViewController.swift */; };
		4972F6BB1F4FBFC50082F413 /* CustomCell.swift in Sources */ = {isa = PBXBuildFile; fileRef = 4972F6BA1F4FBFC50082F413 /* CustomCell.swift */; };
		49BF532F1F560F750065E72E /* TimerViewController.swift in Sources */ = {isa = PBXBuildFile; fileRef = 49BF532E1F560F750065E72E /* TimerViewController.swift */; };
		E7A68792CD9763FFCA101DC6 /* Pods_StudyPlanner.framework in Frameworks */ = {isa = PBXBuildFile; fileRef = 4BF7BD2E77175180462E2766 /* Pods_StudyPlanner.framework */; };
/* End PBXBuildFile section */

/* Begin PBXFileReference section */
		05293FC3ED98D9220F90994A /* Pods-StudyPlanner.release.xcconfig */ = {isa = PBXFileReference; includeInIndex = 1; lastKnownFileType = text.xcconfig; name = "Pods-StudyPlanner.release.xcconfig"; path = "Pods/Target Support Files/Pods-StudyPlanner/Pods-StudyPlanner.release.xcconfig"; sourceTree = "<group>"; };
		4972F6A31F4FB4980082F413 /* StudyPlanner.app */ = {isa = PBXFileReference; explicitFileType = wrapper.application; includeInIndex = 0; path = StudyPlanner.app; sourceTree = BUILT_PRODUCTS_DIR; };
		4972F6A61F4FB4980082F413 /* AppDelegate.swift */ = {isa = PBXFileReference; lastKnownFileType = sourcecode.swift; path = AppDelegate.swift; sourceTree = "<group>"; };
		4972F6A81F4FB4980082F413 /* ViewController.swift */ = {isa = PBXFileReference; lastKnownFileType = sourcecode.swift; path = ViewController.swift; sourceTree = "<group>"; };
		4972F6AB1F4FB4980082F413 /* Base */ = {isa = PBXFileReference; lastKnownFileType = file.storyboard; name = Base; path = Base.lproj/Main.storyboard; sourceTree = "<group>"; };
		4972F6AD1F4FB4980082F413 /* Assets.xcassets */ = {isa = PBXFileReference; lastKnownFileType = folder.assetcatalog; path = Assets.xcassets; sourceTree = "<group>"; };
		4972F6B01F4FB4980082F413 /* Base */ = {isa = PBXFileReference; lastKnownFileType = file.storyboard; name = Base; path = Base.lproj/LaunchScreen.storyboard; sourceTree = "<group>"; };
		4972F6B21F4FB4980082F413 /* Info.plist */ = {isa = PBXFileReference; lastKnownFileType = text.plist.xml; path = Info.plist; sourceTree = "<group>"; };
		4972F6B81F4FB5760082F413 /* CalendarViewController.swift */ = {isa = PBXFileReference; fileEncoding = 4; lastKnownFileType = sourcecode.swift; path = CalendarViewController.swift; sourceTree = "<group>"; };
		4972F6BA1F4FBFC50082F413 /* CustomCell.swift */ = {isa = PBXFileReference; fileEncoding = 4; lastKnownFileType = sourcecode.swift; path = CustomCell.swift; sourceTree = "<group>"; };
		49BF532E1F560F750065E72E /* TimerViewController.swift */ = {isa = PBXFileReference; fileEncoding = 4; lastKnownFileType = sourcecode.swift; path = TimerViewController.swift; sourceTree = "<group>"; };
		4BF7BD2E77175180462E2766 /* Pods_StudyPlanner.framework */ = {isa = PBXFileReference; explicitFileType = wrapper.framework; includeInIndex = 0; path = Pods_StudyPlanner.framework; sourceTree = BUILT_PRODUCTS_DIR; };
		D476A2899B1CB3B85E9D5623 /* Pods-StudyPlanner.debug.xcconfig */ = {isa = PBXFileReference; includeInIndex = 1; lastKnownFileType = text.xcconfig; name = "Pods-StudyPlanner.debug.xcconfig"; path = "Pods/Target Support Files/Pods-StudyPlanner/Pods-StudyPlanner.debug.xcconfig"; sourceTree = "<group>"; };
/* End PBXFileReference section */

/* Begin PBXFrameworksBuildPhase section */
		4972F6A01F4FB4980082F413 /* Frameworks */ = {
			isa = PBXFrameworksBuildPhase;
			buildActionMask = 2147483647;
			files = (
				E7A68792CD9763FFCA101DC6 /* Pods_StudyPlanner.framework in Frameworks */,
			);
			runOnlyForDeploymentPostprocessing = 0;
		};
/* End PBXFrameworksBuildPhase section */

/* Begin PBXGroup section */
		4131EB77BEC3AC7FB16EBCF5 /* Pods */ = {
			isa = PBXGroup;
			children = (
				D476A2899B1CB3B85E9D5623 /* Pods-StudyPlanner.debug.xcconfig */,
				05293FC3ED98D9220F90994A /* Pods-StudyPlanner.release.xcconfig */,
			);
			name = Pods;
			sourceTree = "<group>";
		};
		4972F69A1F4FB4980082F413 = {
			isa = PBXGroup;
			children = (
				4972F6A51F4FB4980082F413 /* StudyPlanner */,
				4972F6A41F4FB4980082F413 /* Products */,
				4131EB77BEC3AC7FB16EBCF5 /* Pods */,
				F094F26A911F0F76760F9824 /* Frameworks */,
			);
			sourceTree = "<group>";
		};
		4972F6A41F4FB4980082F413 /* Products */ = {
			isa = PBXGroup;
			children = (
				4972F6A31F4FB4980082F413 /* StudyPlanner.app */,
			);
			name = Products;
			sourceTree = "<group>";
		};
		4972F6A51F4FB4980082F413 /* StudyPlanner */ = {
			isa = PBXGroup;
			children = (
				4972F6A61F4FB4980082F413 /* AppDelegate.swift */,
				4972F6A81F4FB4980082F413 /* ViewController.swift */,
				4972F6AA1F4FB4980082F413 /* Main.storyboard */,
				49BF532E1F560F750065E72E /* TimerViewController.swift */,
				4972F6BA1F4FBFC50082F413 /* CustomCell.swift */,
				4972F6B81F4FB5760082F413 /* CalendarViewController.swift */,
				4972F6AD1F4FB4980082F413 /* Assets.xcassets */,
				4972F6AF1F4FB4980082F413 /* LaunchScreen.storyboard */,
				4972F6B21F4FB4980082F413 /* Info.plist */,
			);
			path = StudyPlanner;
			sourceTree = "<group>";
		};
		F094F26A911F0F76760F9824 /* Frameworks */ = {
			isa = PBXGroup;
			children = (
				4BF7BD2E77175180462E2766 /* Pods_StudyPlanner.framework */,
			);
			name = Frameworks;
			sourceTree = "<group>";
		};
/* End PBXGroup section */

/* Begin PBXNativeTarget section */
		4972F6A21F4FB4980082F413 /* StudyPlanner */ = {
			isa = PBXNativeTarget;
			buildConfigurationList = 4972F6B51F4FB4980082F413 /* Build configuration list for PBXNativeTarget "StudyPlanner" */;
			buildPhases = (
				A1638B7CA78CC8AC561C930B /* [CP] Check Pods Manifest.lock */,
				4972F69F1F4FB4980082F413 /* Sources */,
				4972F6A01F4FB4980082F413 /* Frameworks */,
				4972F6A11F4FB4980082F413 /* Resources */,
				6E6A7D6247DC7D49E65EA05D /* [CP] Embed Pods Frameworks */,
				EFC0A85786EC19940DF2A6DE /* [CP] Copy Pods Resources */,
			);
			buildRules = (
			);
			dependencies = (
			);
			name = StudyPlanner;
			productName = StudyPlanner;
			productReference = 4972F6A31F4FB4980082F413 /* StudyPlanner.app */;
			productType = "com.apple.product-type.application";
		};
/* End PBXNativeTarget section */

/* Begin PBXProject section */
		4972F69B1F4FB4980082F413 /* Project object */ = {
			isa = PBXProject;
			attributes = {
				LastSwiftUpdateCheck = 0820;
				LastUpgradeCheck = 0820;
				ORGANIZATIONNAME = "Andrew Lawrence";
				TargetAttributes = {
					4972F6A21F4FB4980082F413 = {
						CreatedOnToolsVersion = 8.2.1;
						ProvisioningStyle = Automatic;
					};
				};
			};
			buildConfigurationList = 4972F69E1F4FB4980082F413 /* Build configuration list for PBXProject "StudyPlanner" */;
			compatibilityVersion = "Xcode 3.2";
			developmentRegion = English;
			hasScannedForEncodings = 0;
			knownRegions = (
				en,
				Base,
			);
			mainGroup = 4972F69A1F4FB4980082F413;
			productRefGroup = 4972F6A41F4FB4980082F413 /* Products */;
			projectDirPath = "";
			projectRoot = "";
			targets = (
				4972F6A21F4FB4980082F413 /* StudyPlanner */,
			);
		};
/* End PBXProject section */

/* Begin PBXResourcesBuildPhase section */
		4972F6A11F4FB4980082F413 /* Resources */ = {
			isa = PBXResourcesBuildPhase;
			buildActionMask = 2147483647;
			files = (
				4972F6B11F4FB4980082F413 /* LaunchScreen.storyboard in Resources */,
				4972F6AE1F4FB4980082F413 /* Assets.xcassets in Resources */,
				4972F6AC1F4FB4980082F413 /* Main.storyboard in Resources */,
			);
			runOnlyForDeploymentPostprocessing = 0;
		};
/* End PBXResourcesBuildPhase section */

/* Begin PBXShellScriptBuildPhase section */
		6E6A7D6247DC7D49E65EA05D /* [CP] Embed Pods Frameworks */ = {
			isa = PBXShellScriptBuildPhase;
			buildActionMask = 2147483647;
			files = (
			);
			inputPaths = (
			);
			name = "[CP] Embed Pods Frameworks";
			outputPaths = (
			);
			runOnlyForDeploymentPostprocessing = 0;
			shellPath = /bin/sh;
			shellScript = "\"${SRCROOT}/Pods/Target Support Files/Pods-StudyPlanner/Pods-StudyPlanner-frameworks.sh\"\n";
			showEnvVarsInLog = 0;
		};
		A1638B7CA78CC8AC561C930B /* [CP] Check Pods Manifest.lock */ = {
			isa = PBXShellScriptBuildPhase;
			buildActionMask = 2147483647;
			files = (
			);
			inputPaths = (
			);
			name = "[CP] Check Pods Manifest.lock";
			outputPaths = (
			);
			runOnlyForDeploymentPostprocessing = 0;
			shellPath = /bin/sh;
			shellScript = "diff \"${PODS_PODFILE_DIR_PATH}/Podfile.lock\" \"${PODS_ROOT}/Manifest.lock\" > /dev/null\nif [ $? != 0 ] ; then\n    # print error to STDERR\n    echo \"error: The sandbox is not in sync with the Podfile.lock. Run 'pod install' or update your CocoaPods installation.\" >&2\n    exit 1\nfi\n";
			showEnvVarsInLog = 0;
		};
		EFC0A85786EC19940DF2A6DE /* [CP] Copy Pods Resources */ = {
			isa = PBXShellScriptBuildPhase;
			buildActionMask = 2147483647;
			files = (
			);
			inputPaths = (
			);
			name = "[CP] Copy Pods Resources";
			outputPaths = (
			);
			runOnlyForDeploymentPostprocessing = 0;
			shellPath = /bin/sh;
			shellScript = "\"${SRCROOT}/Pods/Target Support Files/Pods-StudyPlanner/Pods-StudyPlanner-resources.sh\"\n";
			showEnvVarsInLog = 0;
		};
/* End PBXShellScriptBuildPhase section */

/* Begin PBXSourcesBuildPhase section */
		4972F69F1F4FB4980082F413 /* Sources */ = {
			isa = PBXSourcesBuildPhase;
			buildActionMask = 2147483647;
			files = (
				49BF532F1F560F750065E72E /* TimerViewController.swift in Sources */,
				4972F6B91F4FB5770082F413 /* CalendarViewController.swift in Sources */,
				4972F6A91F4FB4980082F413 /* ViewController.swift in Sources */,
				4972F6BB1F4FBFC50082F413 /* CustomCell.swift in Sources */,
				4972F6A71F4FB4980082F413 /* AppDelegate.swift in Sources */,
			);
			runOnlyForDeploymentPostprocessing = 0;
		};
/* End PBXSourcesBuildPhase section */

/* Begin PBXVariantGroup section */
		4972F6AA1F4FB4980082F413 /* Main.storyboard */ = {
			isa = PBXVariantGroup;
			children = (
				4972F6AB1F4FB4980082F413 /* Base */,
			);
			name = Main.storyboard;
			sourceTree = "<group>";
		};
		4972F6AF1F4FB4980082F413 /* LaunchScreen.storyboard */ = {
			isa = PBXVariantGroup;
			children = (
				4972F6B01F4FB4980082F413 /* Base */,
			);
			name = LaunchScreen.storyboard;
			sourceTree = "<group>";
		};
/* End PBXVariantGroup section */

/* Begin XCBuildConfiguration section */
		4972F6B31F4FB4980082F413 /* Debug */ = {
			isa = XCBuildConfiguration;
			buildSettings = {
				ALWAYS_SEARCH_USER_PATHS = NO;
				CLANG_ANALYZER_NONNULL = YES;
				CLANG_CXX_LANGUAGE_STANDARD = "gnu++0x";
				CLANG_CXX_LIBRARY = "libc++";
				CLANG_ENABLE_MODULES = YES;
				CLANG_ENABLE_OBJC_ARC = YES;
				CLANG_WARN_BOOL_CONVERSION = YES;
				CLANG_WARN_CONSTANT_CONVERSION = YES;
				CLANG_WARN_DIRECT_OBJC_ISA_USAGE = YES_ERROR;
				CLANG_WARN_DOCUMENTATION_COMMENTS = YES;
				CLANG_WARN_EMPTY_BODY = YES;
				CLANG_WARN_ENUM_CONVERSION = YES;
				CLANG_WARN_INFINITE_RECURSION = YES;
				CLANG_WARN_INT_CONVERSION = YES;
				CLANG_WARN_OBJC_ROOT_CLASS = YES_ERROR;
				CLANG_WARN_SUSPICIOUS_MOVE = YES;
				CLANG_WARN_UNREACHABLE_CODE = YES;
				CLANG_WARN__DUPLICATE_METHOD_MATCH = YES;
				"CODE_SIGN_IDENTITY[sdk=iphoneos*]" = "iPhone Developer";
				COPY_PHASE_STRIP = NO;
				DEBUG_INFORMATION_FORMAT = dwarf;
				ENABLE_STRICT_OBJC_MSGSEND = YES;
				ENABLE_TESTABILITY = YES;
				GCC_C_LANGUAGE_STANDARD = gnu99;
				GCC_DYNAMIC_NO_PIC = NO;
				GCC_NO_COMMON_BLOCKS = YES;
				GCC_OPTIMIZATION_LEVEL = 0;
				GCC_PREPROCESSOR_DEFINITIONS = (
					"DEBUG=1",
					"$(inherited)",
				);
				GCC_WARN_64_TO_32_BIT_CONVERSION = YES;
				GCC_WARN_ABOUT_RETURN_TYPE = YES_ERROR;
				GCC_WARN_UNDECLARED_SELECTOR = YES;
				GCC_WARN_UNINITIALIZED_AUTOS = YES_AGGRESSIVE;
				GCC_WARN_UNUSED_FUNCTION = YES;
				GCC_WARN_UNUSED_VARIABLE = YES;
				IPHONEOS_DEPLOYMENT_TARGET = 10.2;
				MTL_ENABLE_DEBUG_INFO = YES;
				ONLY_ACTIVE_ARCH = YES;
				SDKROOT = iphoneos;
				SWIFT_ACTIVE_COMPILATION_CONDITIONS = DEBUG;
				SWIFT_OPTIMIZATION_LEVEL = "-Onone";
			};
			name = Debug;
		};
		4972F6B41F4FB4980082F413 /* Release */ = {
			isa = XCBuildConfiguration;
			buildSettings = {
				ALWAYS_SEARCH_USER_PATHS = NO;
				CLANG_ANALYZER_NONNULL = YES;
				CLANG_CXX_LANGUAGE_STANDARD = "gnu++0x";
				CLANG_CXX_LIBRARY = "libc++";
				CLANG_ENABLE_MODULES = YES;
				CLANG_ENABLE_OBJC_ARC = YES;
				CLANG_WARN_BOOL_CONVERSION = YES;
				CLANG_WARN_CONSTANT_CONVERSION = YES;
				CLANG_WARN_DIRECT_OBJC_ISA_USAGE = YES_ERROR;
				CLANG_WARN_DOCUMENTATION_COMMENTS = YES;
				CLANG_WARN_EMPTY_BODY = YES;
				CLANG_WARN_ENUM_CONVERSION = YES;
				CLANG_WARN_INFINITE_RECURSION = YES;
				CLANG_WARN_INT_CONVERSION = YES;
				CLANG_WARN_OBJC_ROOT_CLASS = YES_ERROR;
				CLANG_WARN_SUSPICIOUS_MOVE = YES;
				CLANG_WARN_UNREACHABLE_CODE = YES;
				CLANG_WARN__DUPLICATE_METHOD_MATCH = YES;
				"CODE_SIGN_IDENTITY[sdk=iphoneos*]" = "iPhone Developer";
				COPY_PHASE_STRIP = NO;
				DEBUG_INFORMATION_FORMAT = "dwarf-with-dsym";
				ENABLE_NS_ASSERTIONS = NO;
				ENABLE_STRICT_OBJC_MSGSEND = YES;
				GCC_C_LANGUAGE_STANDARD = gnu99;
				GCC_NO_COMMON_BLOCKS = YES;
				GCC_WARN_64_TO_32_BIT_CONVERSION = YES;
				GCC_WARN_ABOUT_RETURN_TYPE = YES_ERROR;
				GCC_WARN_UNDECLARED_SELECTOR = YES;
				GCC_WARN_UNINITIALIZED_AUTOS = YES_AGGRESSIVE;
				GCC_WARN_UNUSED_FUNCTION = YES;
				GCC_WARN_UNUSED_VARIABLE = YES;
				IPHONEOS_DEPLOYMENT_TARGET = 10.2;
				MTL_ENABLE_DEBUG_INFO = NO;
				SDKROOT = iphoneos;
				SWIFT_OPTIMIZATION_LEVEL = "-Owholemodule";
				VALIDATE_PRODUCT = YES;
			};
			name = Release;
		};
		4972F6B61F4FB4980082F413 /* Debug */ = {
			isa = XCBuildConfiguration;
			baseConfigurationReference = D476A2899B1CB3B85E9D5623 /* Pods-StudyPlanner.debug.xcconfig */;
			buildSettings = {
				ASSETCATALOG_COMPILER_APPICON_NAME = AppIcon;
				INFOPLIST_FILE = StudyPlanner/Info.plist;
				LD_RUNPATH_SEARCH_PATHS = "$(inherited) @executable_path/Frameworks";
				PRODUCT_BUNDLE_IDENTIFIER = com.andrew.StudyPlanner;
				PRODUCT_NAME = "$(TARGET_NAME)";
				SWIFT_VERSION = 3.0;
			};
			name = Debug;
		};
		4972F6B71F4FB4980082F413 /* Release */ = {
			isa = XCBuildConfiguration;
			baseConfigurationReference = 05293FC3ED98D9220F90994A /* Pods-StudyPlanner.release.xcconfig */;
			buildSettings = {
				ASSETCATALOG_COMPILER_APPICON_NAME = AppIcon;
				INFOPLIST_FILE = StudyPlanner/Info.plist;
				LD_RUNPATH_SEARCH_PATHS = "$(inherited) @executable_path/Frameworks";
				PRODUCT_BUNDLE_IDENTIFIER = com.andrew.StudyPlanner;
				PRODUCT_NAME = "$(TARGET_NAME)";
				SWIFT_VERSION = 3.0;
			};
			name = Release;
		};
/* End XCBuildConfiguration section */

/* Begin XCConfigurationList section */
		4972F69E1F4FB4980082F413 /* Build configuration list for PBXProject "StudyPlanner" */ = {
			isa = XCConfigurationList;
			buildConfigurations = (
				4972F6B31F4FB4980082F413 /* Debug */,
				4972F6B41F4FB4980082F413 /* Release */,
			);
			defaultConfigurationIsVisible = 0;
			defaultConfigurationName = Release;
		};
		4972F6B51F4FB4980082F413 /* Build configuration list for PBXNativeTarget "StudyPlanner" */ = {
			isa = XCConfigurationList;
			buildConfigurations = (
				4972F6B61F4FB4980082F413 /* Debug */,
				4972F6B71F4FB4980082F413 /* Release */,
			);
			defaultConfigurationIsVisible = 0;
			defaultConfigurationName = Release;
		};
/* End XCConfigurationList section */
	};
	rootObject = 4972F69B1F4FB4980082F413 /* Project object */;
}
